
Microsoft Visual Studio Solution File, Format Version 12.00
# Visual Studio Version 17
VisualStudioVersion = 17.4.33213.308
MinimumVisualStudioVersion = 10.0.40219.1
Project("{9A19103F-16F7-4668-BE54-9A1E7A4F7556}") = "DataAccess", "DataAccess\DataAccess.csproj", "{BCFB27EB-89E5-486D-BA58-FB201F077B28}"
EndProject
Project("{9A19103F-16F7-4668-BE54-9A1E7A4F7556}") = "Business", "Business\Business.csproj", "{986EAC41-223B-4A48-A4D0-D3358B03090A}"
EndProject
Project("{9A19103F-16F7-4668-BE54-9A1E7A4F7556}") = "Entities", "Entities\Entities.csproj", "{D7A4AA9E-9BB1-487F-AD2D-2F17ADF66D71}"
EndProject
Project("{FAE04EC0-301F-11D3-BF4B-00C04F79EFBC}") = "WebAPI", "WebAPI\WebAPI.csproj", "{3FE671B4-AB3F-4B70-802A-64F0CF378682}"
EndProject
Global
	GlobalSection(SolutionConfigurationPlatforms) = preSolution
		Debug|Any CPU = Debug|Any CPU
		Release|Any CPU = Release|Any CPU
	EndGlobalSection
	GlobalSection(ProjectConfigurationPlatforms) = postSolution
		{BCFB27EB-89E5-486D-BA58-FB201F077B28}.Debug|Any CPU.ActiveCfg = Debug|Any CPU
		{BCFB27EB-89E5-486D-BA58-FB201F077B28}.Debug|Any CPU.Build.0 = Debug|Any CPU
		{BCFB27EB-89E5-486D-BA58-FB201F077B28}.Release|Any CPU.ActiveCfg = Release|Any CPU
		{BCFB27EB-89E5-486D-BA58-FB201F077B28}.Release|Any CPU.Build.0 = Release|Any CPU
		{986EAC41-223B-4A48-A4D0-D3358B03090A}.Debug|Any CPU.ActiveCfg = Debug|Any CPU
		{986EAC41-223B-4A48-A4D0-D3358B03090A}.Debug|Any CPU.Build.0 = Debug|Any CPU
		{986EAC41-223B-4A48-A4D0-D3358B03090A}.Release|Any CPU.ActiveCfg = Release|Any CPU
		{986EAC41-223B-4A48-A4D0-D3358B03090A}.Release|Any CPU.Build.0 = Release|Any CPU
		{D7A4AA9E-9BB1-487F-AD2D-2F17ADF66D71}.Debug|Any CPU.ActiveCfg = Debug|Any CPU
		{D7A4AA9E-9BB1-487F-AD2D-2F17ADF66D71}.Debug|Any CPU.Build.0 = Debug|Any CPU
		{D7A4AA9E-9BB1-487F-AD2D-2F17ADF66D71}.Release|Any CPU.ActiveCfg = Release|Any CPU
		{D7A4AA9E-9BB1-487F-AD2D-2F17ADF66D71}.Release|Any CPU.Build.0 = Release|Any CPU
		{3FE671B4-AB3F-4B70-802A-64F0CF378682}.Debug|Any CPU.ActiveCfg = Debug|Any CPU
		{3FE671B4-AB3F-4B70-802A-64F0CF378682}.Debug|Any CPU.Build.0 = Debug|Any CPU
		{3FE671B4-AB3F-4B70-802A-64F0CF378682}.Release|Any CPU.ActiveCfg = Release|Any CPU
		{3FE671B4-AB3F-4B70-802A-64F0CF378682}.Release|Any CPU.Build.0 = Release|Any CPU
	EndGlobalSection
	GlobalSection(SolutionProperties) = preSolution
		HideSolutionNode = FALSE
	EndGlobalSection
	GlobalSection(ExtensibilityGlobals) = postSolution
		SolutionGuid = {58D057CB-8498-4BFA-86EC-713E80B2EBA8}
	EndGlobalSection
EndGlobal
